# This file is automatically @generated by Cargo.
# It is not intended for manual editing.
version = 4

[[package]]
name = "example_com_ifaceeq_event"
version = "0.1.0"
dependencies = [
 "example_com_ifaceeq_keys",
 "example_com_ifaceeq_label",
 "go2rust_stdlib_stubs",
]

[[package]]
name = "example_com_ifaceeq_keys"
version = "0.1.0"
dependencies = [
 "example_com_ifaceeq_label",
 "go2rust_stdlib_stubs",
]

[[package]]
name = "example_com_ifaceeq_label"
version = "0.1.0"
dependencies = [
 "go2rust_stdlib_stubs",
]

[[package]]
name = "go2rust_stdlib_stubs"
version = "0.1.0"

[[package]]
name = "package_interface_concrete_equality"
version = "0.1.0"
dependencies = [
 "example_com_ifaceeq_event",
 "example_com_ifaceeq_keys",
 "example_com_ifaceeq_label",
 "go2rust_stdlib_stubs",
]
